// !$*UTF8*$!
{
	archiveVersion = 1;
	classes = {
	};
	objectVersion = 46;
	objects = {

/* Begin PBXBuildFile section */
		205264321BF3237D0042F5C2 /* AppDelegate.swift in Sources */ = {isa = PBXBuildFile; fileRef = 205264311BF3237D0042F5C2 /* AppDelegate.swift */; };
		205264341BF3237D0042F5C2 /* ViewController.swift in Sources */ = {isa = PBXBuildFile; fileRef = 205264331BF3237D0042F5C2 /* ViewController.swift */; };
		205264371BF3237D0042F5C2 /* Main.storyboard in Resources */ = {isa = PBXBuildFile; fileRef = 205264351BF3237D0042F5C2 /* Main.storyboard */; };
		205264391BF3237D0042F5C2 /* Assets.xcassets in Resources */ = {isa = PBXBuildFile; fileRef = 205264381BF3237D0042F5C2 /* Assets.xcassets */; };
		2052643C1BF3237D0042F5C2 /* LaunchScreen.storyboard in Resources */ = {isa = PBXBuildFile; fileRef = 2052643A1BF3237D0042F5C2 /* LaunchScreen.storyboard */; };
		205264471BF3237E0042F5C2 /* iOS_iQuiz_pt2Tests.swift in Sources */ = {isa = PBXBuildFile; fileRef = 205264461BF3237E0042F5C2 /* iOS_iQuiz_pt2Tests.swift */; };
		205264521BF3237E0042F5C2 /* iOS_iQuiz_pt2UITests.swift in Sources */ = {isa = PBXBuildFile; fileRef = 205264511BF3237E0042F5C2 /* iOS_iQuiz_pt2UITests.swift */; };
/* End PBXBuildFile section */

/* Begin PBXContainerItemProxy section */
		205264431BF3237E0042F5C2 /* PBXContainerItemProxy */ = {
			isa = PBXContainerItemProxy;
			containerPortal = 205264261BF3237D0042F5C2 /* Project object */;
			proxyType = 1;
			remoteGlobalIDString = 2052642D1BF3237D0042F5C2;
			remoteInfo = "iOS-iQuiz-pt2";
		};
		2052644E1BF3237E0042F5C2 /* PBXContainerItemProxy */ = {
			isa = PBXContainerItemProxy;
			containerPortal = 205264261BF3237D0042F5C2 /* Project object */;
			proxyType = 1;
			remoteGlobalIDString = 2052642D1BF3237D0042F5C2;
			remoteInfo = "iOS-iQuiz-pt2";
		};
/* End PBXContainerItemProxy section */

/* Begin PBXFileReference section */
		2052642E1BF3237D0042F5C2 /* iOS-iQuiz-pt2.app */ = {isa = PBXFileReference; explicitFileType = wrapper.application; includeInIndex = 0; path = "iOS-iQuiz-pt2.app"; sourceTree = BUILT_PRODUCTS_DIR; };
		205264311BF3237D0042F5C2 /* AppDelegate.swift */ = {isa = PBXFileReference; lastKnownFileType = sourcecode.swift; path = AppDelegate.swift; sourceTree = "<group>"; };
		205264331BF3237D0042F5C2 /* ViewController.swift */ = {isa = PBXFileReference; lastKnownFileType = sourcecode.swift; path = ViewController.swift; sourceTree = "<group>"; };
		205264361BF3237D0042F5C2 /* Base */ = {isa = PBXFileReference; lastKnownFileType = file.storyboard; name = Base; path = Base.lproj/Main.storyboard; sourceTree = "<group>"; };
		205264381BF3237D0042F5C2 /* Assets.xcassets */ = {isa = PBXFileReference; lastKnownFileType = folder.assetcatalog; path = Assets.xcassets; sourceTree = "<group>"; };
		2052643B1BF3237D0042F5C2 /* Base */ = {isa = PBXFileReference; lastKnownFileType = file.storyboard; name = Base; path = Base.lproj/LaunchScreen.storyboard; sourceTree = "<group>"; };
		2052643D1BF3237D0042F5C2 /* Info.plist */ = {isa = PBXFileReference; lastKnownFileType = text.plist.xml; path = Info.plist; sourceTree = "<group>"; };
		205264421BF3237E0042F5C2 /* iOS-iQuiz-pt2Tests.xctest */ = {isa = PBXFileReference; explicitFileType = wrapper.cfbundle; includeInIndex = 0; path = "iOS-iQuiz-pt2Tests.xctest"; sourceTree = BUILT_PRODUCTS_DIR; };
		205264461BF3237E0042F5C2 /* iOS_iQuiz_pt2Tests.swift */ = {isa = PBXFileReference; lastKnownFileType = sourcecode.swift; path = iOS_iQuiz_pt2Tests.swift; sourceTree = "<group>"; };
		205264481BF3237E0042F5C2 /* Info.plist */ = {isa = PBXFileReference; lastKnownFileType = text.plist.xml; path = Info.plist; sourceTree = "<group>"; };
		2052644D1BF3237E0042F5C2 /* iOS-iQuiz-pt2UITests.xctest */ = {isa = PBXFileReference; explicitFileType = wrapper.cfbundle; includeInIndex = 0; path = "iOS-iQuiz-pt2UITests.xctest"; sourceTree = BUILT_PRODUCTS_DIR; };
		205264511BF3237E0042F5C2 /* iOS_iQuiz_pt2UITests.swift */ = {isa = PBXFileReference; lastKnownFileType = sourcecode.swift; path = iOS_iQuiz_pt2UITests.swift; sourceTree = "<group>"; };
		205264531BF3237E0042F5C2 /* Info.plist */ = {isa = PBXFileReference; lastKnownFileType = text.plist.xml; path = Info.plist; sourceTree = "<group>"; };
/* End PBXFileReference section */

/* Begin PBXFrameworksBuildPhase section */
		2052642B1BF3237D0042F5C2 /* Frameworks */ = {
			isa = PBXFrameworksBuildPhase;
			buildActionMask = 2147483647;
			files = (
			);
			runOnlyForDeploymentPostprocessing = 0;
		};
		2052643F1BF3237E0042F5C2 /* Frameworks */ = {
			isa = PBXFrameworksBuildPhase;
			buildActionMask = 2147483647;
			files = (
			);
			runOnlyForDeploymentPostprocessing = 0;
		};
		2052644A1BF3237E0042F5C2 /* Frameworks */ = {
			isa = PBXFrameworksBuildPhase;
			buildActionMask = 2147483647;
			files = (
			);
			runOnlyForDeploymentPostprocessing = 0;
		};
/* End PBXFrameworksBuildPhase section */

/* Begin PBXGroup section */
		205264251BF3237D0042F5C2 = {
			isa = PBXGroup;
			children = (
				205264301BF3237D0042F5C2 /* iOS-iQuiz-pt2 */,
				205264451BF3237E0042F5C2 /* iOS-iQuiz-pt2Tests */,
				205264501BF3237E0042F5C2 /* iOS-iQuiz-pt2UITests */,
				2052642F1BF3237D0042F5C2 /* Products */,
			);
			sourceTree = "<group>";
		};
		2052642F1BF3237D0042F5C2 /* Products */ = {
			isa = PBXGroup;
			children = (
				2052642E1BF3237D0042F5C2 /* iOS-iQuiz-pt2.app */,
				205264421BF3237E0042F5C2 /* iOS-iQuiz-pt2Tests.xctest */,
				2052644D1BF3237E0042F5C2 /* iOS-iQuiz-pt2UITests.xctest */,
			);
			name = Products;
			sourceTree = "<group>";
		};
		205264301BF3237D0042F5C2 /* iOS-iQuiz-pt2 */ = {
			isa = PBXGroup;
			children = (
				205264311BF3237D0042F5C2 /* AppDelegate.swift */,
				205264331BF3237D0042F5C2 /* ViewController.swift */,
				205264351BF3237D0042F5C2 /* Main.storyboard */,
				205264381BF3237D0042F5C2 /* Assets.xcassets */,
				2052643A1BF3237D0042F5C2 /* LaunchScreen.storyboard */,
				2052643D1BF3237D0042F5C2 /* Info.plist */,
			);
			path = "iOS-iQuiz-pt2";
			sourceTree = "<group>";
		};
		205264451BF3237E0042F5C2 /* iOS-iQuiz-pt2Tests */ = {
			isa = PBXGroup;
			children = (
				205264461BF3237E0042F5C2 /* iOS_iQuiz_pt2Tests.swift */,
				205264481BF3237E0042F5C2 /* Info.plist */,
			);
			path = "iOS-iQuiz-pt2Tests";
			sourceTree = "<group>";
		};
		205264501BF3237E0042F5C2 /* iOS-iQuiz-pt2UITests */ = {
			isa = PBXGroup;
			children = (
				205264511BF3237E0042F5C2 /* iOS_iQuiz_pt2UITests.swift */,
				205264531BF3237E0042F5C2 /* Info.plist */,
			);
			path = "iOS-iQuiz-pt2UITests";
			sourceTree = "<group>";
		};
/* End PBXGroup section */

/* Begin PBXNativeTarget section */
		2052642D1BF3237D0042F5C2 /* iOS-iQuiz-pt2 */ = {
			isa = PBXNativeTarget;
			buildConfigurationList = 205264561BF3237E0042F5C2 /* Build configuration list for PBXNativeTarget "iOS-iQuiz-pt2" */;
			buildPhases = (
				2052642A1BF3237D0042F5C2 /* Sources */,
				2052642B1BF3237D0042F5C2 /* Frameworks */,
				2052642C1BF3237D0042F5C2 /* Resources */,
			);
			buildRules = (
			);
			dependencies = (
			);
			name = "iOS-iQuiz-pt2";
			productName = "iOS-iQuiz-pt2";
			productReference = 2052642E1BF3237D0042F5C2 /* iOS-iQuiz-pt2.app */;
			productType = "com.apple.product-type.application";
		};
		205264411BF3237E0042F5C2 /* iOS-iQuiz-pt2Tests */ = {
			isa = PBXNativeTarget;
			buildConfigurationList = 205264591BF3237E0042F5C2 /* Build configuration list for PBXNativeTarget "iOS-iQuiz-pt2Tests" */;
			buildPhases = (
				2052643E1BF3237E0042F5C2 /* Sources */,
				2052643F1BF3237E0042F5C2 /* Frameworks */,
				205264401BF3237E0042F5C2 /* Resources */,
			);
			buildRules = (
			);
			dependencies = (
				205264441BF3237E0042F5C2 /* PBXTargetDependency */,
			);
			name = "iOS-iQuiz-pt2Tests";
			productName = "iOS-iQuiz-pt2Tests";
			productReference = 205264421BF3237E0042F5C2 /* iOS-iQuiz-pt2Tests.xctest */;
			productType = "com.apple.product-type.bundle.unit-test";
		};
		2052644C1BF3237E0042F5C2 /* iOS-iQuiz-pt2UITests */ = {
			isa = PBXNativeTarget;
			buildConfigurationList = 2052645C1BF3237E0042F5C2 /* Build configuration list for PBXNativeTarget "iOS-iQuiz-pt2UITests" */;
			buildPhases = (
				205264491BF3237E0042F5C2 /* Sources */,
				2052644A1BF3237E0042F5C2 /* Frameworks */,
				2052644B1BF3237E0042F5C2 /* Resources */,
			);
			buildRules = (
			);
			dependencies = (
				2052644F1BF3237E0042F5C2 /* PBXTargetDependency */,
			);
			name = "iOS-iQuiz-pt2UITests";
			productName = "iOS-iQuiz-pt2UITests";
			productReference = 2052644D1BF3237E0042F5C2 /* iOS-iQuiz-pt2UITests.xctest */;
			productType = "com.apple.product-type.bundle.ui-testing";
		};
/* End PBXNativeTarget section */

/* Begin PBXProject section */
		205264261BF3237D0042F5C2 /* Project object */ = {
			isa = PBXProject;
			attributes = {
				LastSwiftUpdateCheck = 0710;
				LastUpgradeCheck = 0710;
				ORGANIZATIONNAME = "Morgan Evans";
				TargetAttributes = {
					2052642D1BF3237D0042F5C2 = {
						CreatedOnToolsVersion = 7.1;
					};
					205264411BF3237E0042F5C2 = {
						CreatedOnToolsVersion = 7.1;
						TestTargetID = 2052642D1BF3237D0042F5C2;
					};
					2052644C1BF3237E0042F5C2 = {
						CreatedOnToolsVersion = 7.1;
						TestTargetID = 2052642D1BF3237D0042F5C2;
					};
				};
			};
			buildConfigurationList = 205264291BF3237D0042F5C2 /* Build configuration list for PBXProject "iOS-iQuiz-pt2" */;
			compatibilityVersion = "Xcode 3.2";
			developmentRegion = English;
			hasScannedForEncodings = 0;
			knownRegions = (
				en,
				Base,
			);
			mainGroup = 205264251BF3237D0042F5C2;
			productRefGroup = 2052642F1BF3237D0042F5C2 /* Products */;
			projectDirPath = "";
			projectRoot = "";
			targets = (
				2052642D1BF3237D0042F5C2 /* iOS-iQuiz-pt2 */,
				205264411BF3237E0042F5C2 /* iOS-iQuiz-pt2Tests */,
				2052644C1BF3237E0042F5C2 /* iOS-iQuiz-pt2UITests */,
			);
		};
/* End PBXProject section */

/* Begin PBXResourcesBuildPhase section */
		2052642C1BF3237D0042F5C2 /* Resources */ = {
			isa = PBXResourcesBuildPhase;
			buildActionMask = 2147483647;
			files = (
				2052643C1BF3237D0042F5C2 /* LaunchScreen.storyboard in Resources */,
				205264391BF3237D0042F5C2 /* Assets.xcassets in Resources */,
				205264371BF3237D0042F5C2 /* Main.storyboard in Resources */,
			);
			runOnlyForDeploymentPostprocessing = 0;
		};
		205264401BF3237E0042F5C2 /* Resources */ = {
			isa = PBXResourcesBuildPhase;
			buildActionMask = 2147483647;
			files = (
			);
			runOnlyForDeploymentPostprocessing = 0;
		};
		2052644B1BF3237E0042F5C2 /* Resources */ = {
			isa = PBXResourcesBuildPhase;
			buildActionMask = 2147483647;
			files = (
			);
			runOnlyForDeploymentPostprocessing = 0;
		};
/* End PBXResourcesBuildPhase section */

/* Begin PBXSourcesBuildPhase section */
		2052642A1BF3237D0042F5C2 /* Sources */ = {
			isa = PBXSourcesBuildPhase;
			buildActionMask = 2147483647;
			files = (
				205264341BF3237D0042F5C2 /* ViewController.swift in Sources */,
				205264321BF3237D0042F5C2 /* AppDelegate.swift in Sources */,
			);
			runOnlyForDeploymentPostprocessing = 0;
		};
		2052643E1BF3237E0042F5C2 /* Sources */ = {
			isa = PBXSourcesBuildPhase;
			buildActionMask = 2147483647;
			files = (
				205264471BF3237E0042F5C2 /* iOS_iQuiz_pt2Tests.swift in Sources */,
			);
			runOnlyForDeploymentPostprocessing = 0;
		};
		205264491BF3237E0042F5C2 /* Sources */ = {
			isa = PBXSourcesBuildPhase;
			buildActionMask = 2147483647;
			files = (
				205264521BF3237E0042F5C2 /* iOS_iQuiz_pt2UITests.swift in Sources */,
			);
			runOnlyForDeploymentPostprocessing = 0;
		};
/* End PBXSourcesBuildPhase section */

/* Begin PBXTargetDependency section */
		205264441BF3237E0042F5C2 /* PBXTargetDependency */ = {
			isa = PBXTargetDependency;
			target = 2052642D1BF3237D0042F5C2 /* iOS-iQuiz-pt2 */;
			targetProxy = 205264431BF3237E0042F5C2 /* PBXContainerItemProxy */;
		};
		2052644F1BF3237E0042F5C2 /* PBXTargetDependency */ = {
			isa = PBXTargetDependency;
			target = 2052642D1BF3237D0042F5C2 /* iOS-iQuiz-pt2 */;
			targetProxy = 2052644E1BF3237E0042F5C2 /* PBXContainerItemProxy */;
		};
/* End PBXTargetDependency section */

/* Begin PBXVariantGroup section */
		205264351BF3237D0042F5C2 /* Main.storyboard */ = {
			isa = PBXVariantGroup;
			children = (
				205264361BF3237D0042F5C2 /* Base */,
			);
			name = Main.storyboard;
			sourceTree = "<group>";
		};
		2052643A1BF3237D0042F5C2 /* LaunchScreen.storyboard */ = {
			isa = PBXVariantGroup;
			children = (
				2052643B1BF3237D0042F5C2 /* Base */,
			);
			name = LaunchScreen.storyboard;
			sourceTree = "<group>";
		};
/* End PBXVariantGroup section */

/* Begin XCBuildConfiguration section */
		205264541BF3237E0042F5C2 /* Debug */ = {
			isa = XCBuildConfiguration;
			buildSettings = {
				ALWAYS_SEARCH_USER_PATHS = NO;
				CLANG_CXX_LANGUAGE_STANDARD = "gnu++0x";
				CLANG_CXX_LIBRARY = "libc++";
				CLANG_ENABLE_MODULES = YES;
				CLANG_ENABLE_OBJC_ARC = YES;
				CLANG_WARN_BOOL_CONVERSION = YES;
				CLANG_WARN_CONSTANT_CONVERSION = YES;
				CLANG_WARN_DIRECT_OBJC_ISA_USAGE = YES_ERROR;
				CLANG_WARN_EMPTY_BODY = YES;
				CLANG_WARN_ENUM_CONVERSION = YES;
				CLANG_WARN_INT_CONVERSION = YES;
				CLANG_WARN_OBJC_ROOT_CLASS = YES_ERROR;
				CLANG_WARN_UNREACHABLE_CODE = YES;
				CLANG_WARN__DUPLICATE_METHOD_MATCH = YES;
				"CODE_SIGN_IDENTITY[sdk=iphoneos*]" = "iPhone Developer";
				COPY_PHASE_STRIP = NO;
				DEBUG_INFORMATION_FORMAT = dwarf;
				ENABLE_STRICT_OBJC_MSGSEND = YES;
				ENABLE_TESTABILITY = YES;
				GCC_C_LANGUAGE_STANDARD = gnu99;
				GCC_DYNAMIC_NO_PIC = NO;
				GCC_NO_COMMON_BLOCKS = YES;
				GCC_OPTIMIZATION_LEVEL = 0;
				GCC_PREPROCESSOR_DEFINITIONS = (
					"DEBUG=1",
					"$(inherited)",
				);
				GCC_WARN_64_TO_32_BIT_CONVERSION = YES;
				GCC_WARN_ABOUT_RETURN_TYPE = YES_ERROR;
				GCC_WARN_UNDECLARED_SELECTOR = YES;
				GCC_WARN_UNINITIALIZED_AUTOS = YES_AGGRESSIVE;
				GCC_WARN_UNUSED_FUNCTION = YES;
				GCC_WARN_UNUSED_VARIABLE = YES;
				IPHONEOS_DEPLOYMENT_TARGET = 9.1;
				MTL_ENABLE_DEBUG_INFO = YES;
				ONLY_ACTIVE_ARCH = YES;
				SDKROOT = iphoneos;
				SWIFT_OPTIMIZATION_LEVEL = "-Onone";
				TARGETED_DEVICE_FAMILY = "1,2";
			};
			name = Debug;
		};
		205264551BF3237E0042F5C2 /* Release */ = {
			isa = XCBuildConfiguration;
			buildSettings = {
				ALWAYS_SEARCH_USER_PATHS = NO;
				CLANG_CXX_LANGUAGE_STANDARD = "gnu++0x";
				CLANG_CXX_LIBRARY = "libc++";
				CLANG_ENABLE_MODULES = YES;
				CLANG_ENABLE_OBJC_ARC = YES;
				CLANG_WARN_BOOL_CONVERSION = YES;
				CLANG_WARN_CONSTANT_CONVERSION = YES;
				CLANG_WARN_DIRECT_OBJC_ISA_USAGE = YES_ERROR;
				CLANG_WARN_EMPTY_BODY = YES;
				CLANG_WARN_ENUM_CONVERSION = YES;
				CLANG_WARN_INT_CONVERSION = YES;
				CLANG_WARN_OBJC_ROOT_CLASS = YES_ERROR;
				CLANG_WARN_UNREACHABLE_CODE = YES;
				CLANG_WARN__DUPLICATE_METHOD_MATCH = YES;
				"CODE_SIGN_IDENTITY[sdk=iphoneos*]" = "iPhone Developer";
				COPY_PHASE_STRIP = NO;
				DEBUG_INFORMATION_FORMAT = "dwarf-with-dsym";
				ENABLE_NS_ASSERTIONS = NO;
				ENABLE_STRICT_OBJC_MSGSEND = YES;
				GCC_C_LANGUAGE_STANDARD = gnu99;
				GCC_NO_COMMON_BLOCKS = YES;
				GCC_WARN_64_TO_32_BIT_CONVERSION = YES;
				GCC_WARN_ABOUT_RETURN_TYPE = YES_ERROR;
				GCC_WARN_UNDECLARED_SELECTOR = YES;
				GCC_WARN_UNINITIALIZED_AUTOS = YES_AGGRESSIVE;
				GCC_WARN_UNUSED_FUNCTION = YES;
				GCC_WARN_UNUSED_VARIABLE = YES;
				IPHONEOS_DEPLOYMENT_TARGET = 9.1;
				MTL_ENABLE_DEBUG_INFO = NO;
				SDKROOT = iphoneos;
				TARGETED_DEVICE_FAMILY = "1,2";
				VALIDATE_PRODUCT = YES;
			};
			name = Release;
		};
		205264571BF3237E0042F5C2 /* Debug */ = {
			isa = XCBuildConfiguration;
			buildSettings = {
				ASSETCATALOG_COMPILER_APPICON_NAME = AppIcon;
				INFOPLIST_FILE = "iOS-iQuiz-pt2/Info.plist";
				LD_RUNPATH_SEARCH_PATHS = "$(inherited) @executable_path/Frameworks";
				PRODUCT_BUNDLE_IDENTIFIER = "edu.uw.mnevans.iOS-iQuiz-pt2";
				PRODUCT_NAME = "$(TARGET_NAME)";
			};
			name = Debug;
		};
		205264581BF3237E0042F5C2 /* Release */ = {
			isa = XCBuildConfiguration;
			buildSettings = {
				ASSETCATALOG_COMPILER_APPICON_NAME = AppIcon;
				INFOPLIST_FILE = "iOS-iQuiz-pt2/Info.plist";
				LD_RUNPATH_SEARCH_PATHS = "$(inherited) @executable_path/Frameworks";
				PRODUCT_BUNDLE_IDENTIFIER = "edu.uw.mnevans.iOS-iQuiz-pt2";
				PRODUCT_NAME = "$(TARGET_NAME)";
			};
			name = Release;
		};
		2052645A1BF3237E0042F5C2 /* Debug */ = {
			isa = XCBuildConfiguration;
			buildSettings = {
				BUNDLE_LOADER = "$(TEST_HOST)";
				INFOPLIST_FILE = "iOS-iQuiz-pt2Tests/Info.plist";
				LD_RUNPATH_SEARCH_PATHS = "$(inherited) @executable_path/Frameworks @loader_path/Frameworks";
				PRODUCT_BUNDLE_IDENTIFIER = "edu.uw.mnevans.iOS-iQuiz-pt2Tests";
				PRODUCT_NAME = "$(TARGET_NAME)";
				TEST_HOST = "$(BUILT_PRODUCTS_DIR)/iOS-iQuiz-pt2.app/iOS-iQuiz-pt2";
			};
			name = Debug;
		};
		2052645B1BF3237E0042F5C2 /* Release */ = {
			isa = XCBuildConfiguration;
			buildSettings = {
				BUNDLE_LOADER = "$(TEST_HOST)";
				INFOPLIST_FILE = "iOS-iQuiz-pt2Tests/Info.plist";
				LD_RUNPATH_SEARCH_PATHS = "$(inherited) @executable_path/Frameworks @loader_path/Frameworks";
				PRODUCT_BUNDLE_IDENTIFIER = "edu.uw.mnevans.iOS-iQuiz-pt2Tests";
				PRODUCT_NAME = "$(TARGET_NAME)";
				TEST_HOST = "$(BUILT_PRODUCTS_DIR)/iOS-iQuiz-pt2.app/iOS-iQuiz-pt2";
			};
			name = Release;
		};
		2052645D1BF3237E0042F5C2 /* Debug */ = {
			isa = XCBuildConfiguration;
			buildSettings = {
				INFOPLIST_FILE = "iOS-iQuiz-pt2UITests/Info.plist";
				LD_RUNPATH_SEARCH_PATHS = "$(inherited) @executable_path/Frameworks @loader_path/Frameworks";
				PRODUCT_BUNDLE_IDENTIFIER = "edu.uw.mnevans.iOS-iQuiz-pt2UITests";
				PRODUCT_NAME = "$(TARGET_NAME)";
				TEST_TARGET_NAME = "iOS-iQuiz-pt2";
				USES_XCTRUNNER = YES;
			};
			name = Debug;
		};
		2052645E1BF3237E0042F5C2 /* Release */ = {
			isa = XCBuildConfiguration;
			buildSettings = {
				INFOPLIST_FILE = "iOS-iQuiz-pt2UITests/Info.plist";
				LD_RUNPATH_SEARCH_PATHS = "$(inherited) @executable_path/Frameworks @loader_path/Frameworks";
				PRODUCT_BUNDLE_IDENTIFIER = "edu.uw.mnevans.iOS-iQuiz-pt2UITests";
				PRODUCT_NAME = "$(TARGET_NAME)";
				TEST_TARGET_NAME = "iOS-iQuiz-pt2";
				USES_XCTRUNNER = YES;
			};
			name = Release;
		};
/* End XCBuildConfiguration section */

/* Begin XCConfigurationList section */
		205264291BF3237D0042F5C2 /* Build configuration list for PBXProject "iOS-iQuiz-pt2" */ = {
			isa = XCConfigurationList;
			buildConfigurations = (
				205264541BF3237E0042F5C2 /* Debug */,
				205264551BF3237E0042F5C2 /* Release */,
			);
			defaultConfigurationIsVisible = 0;
			defaultConfigurationName = Release;
		};
		205264561BF3237E0042F5C2 /* Build configuration list for PBXNativeTarget "iOS-iQuiz-pt2" */ = {
			isa = XCConfigurationList;
			buildConfigurations = (
				205264571BF3237E0042F5C2 /* Debug */,
				205264581BF3237E0042F5C2 /* Release */,
			);
			defaultConfigurationIsVisible = 0;
		};
		205264591BF3237E0042F5C2 /* Build configuration list for PBXNativeTarget "iOS-iQuiz-pt2Tests" */ = {
			isa = XCConfigurationList;
			buildConfigurations = (
				2052645A1BF3237E0042F5C2 /* Debug */,
				2052645B1BF3237E0042F5C2 /* Release */,
			);
			defaultConfigurationIsVisible = 0;
		};
		2052645C1BF3237E0042F5C2 /* Build configuration list for PBXNativeTarget "iOS-iQuiz-pt2UITests" */ = {
			isa = XCConfigurationList;
			buildConfigurations = (
				2052645D1BF3237E0042F5C2 /* Debug */,
				2052645E1BF3237E0042F5C2 /* Release */,
			);
			defaultConfigurationIsVisible = 0;
		};
/* End XCConfigurationList section */
	};
	rootObject = 205264261BF3237D0042F5C2 /* Project object */;
}
